// !$*UTF8*$!
{
	archiveVersion = 1;
	classes = {
	};
	objectVersion = 56;
	objects = {

/* Begin PBXBuildFile section */
		532B1130293F4F1900A6BC7E /* AppDelegate.swift in Sources */ = {isa = PBXBuildFile; fileRef = 532B112F293F4F1900A6BC7E /* AppDelegate.swift */; };
		532B1132293F4F1900A6BC7E /* SceneDelegate.swift in Sources */ = {isa = PBXBuildFile; fileRef = 532B1131293F4F1900A6BC7E /* SceneDelegate.swift */; };
		532B1134293F4F1900A6BC7E /* ViewController.swift in Sources */ = {isa = PBXBuildFile; fileRef = 532B1133293F4F1900A6BC7E /* ViewController.swift */; };
		532B1137293F4F1900A6BC7E /* Main.storyboard in Resources */ = {isa = PBXBuildFile; fileRef = 532B1135293F4F1900A6BC7E /* Main.storyboard */; };
		532B1139293F4F1C00A6BC7E /* Assets.xcassets in Resources */ = {isa = PBXBuildFile; fileRef = 532B1138293F4F1C00A6BC7E /* Assets.xcassets */; };
		532B113C293F4F1C00A6BC7E /* LaunchScreen.storyboard in Resources */ = {isa = PBXBuildFile; fileRef = 532B113A293F4F1C00A6BC7E /* LaunchScreen.storyboard */; };
		532B1144293F504200A6BC7E /* View.swift in Sources */ = {isa = PBXBuildFile; fileRef = 532B1143293F504200A6BC7E /* View.swift */; };
/* End PBXBuildFile section */

/* Begin PBXFileReference section */
		532B112C293F4F1900A6BC7E /* Mapkit Search.app */ = {isa = PBXFileReference; explicitFileType = wrapper.application; includeInIndex = 0; path = "Mapkit Search.app"; sourceTree = BUILT_PRODUCTS_DIR; };
		532B112F293F4F1900A6BC7E /* AppDelegate.swift */ = {isa = PBXFileReference; lastKnownFileType = sourcecode.swift; path = AppDelegate.swift; sourceTree = "<group>"; };
		532B1131293F4F1900A6BC7E /* SceneDelegate.swift */ = {isa = PBXFileReference; lastKnownFileType = sourcecode.swift; path = SceneDelegate.swift; sourceTree = "<group>"; };
		532B1133293F4F1900A6BC7E /* ViewController.swift */ = {isa = PBXFileReference; lastKnownFileType = sourcecode.swift; path = ViewController.swift; sourceTree = "<group>"; };
		532B1136293F4F1900A6BC7E /* Base */ = {isa = PBXFileReference; lastKnownFileType = file.storyboard; name = Base; path = Base.lproj/Main.storyboard; sourceTree = "<group>"; };
		532B1138293F4F1C00A6BC7E /* Assets.xcassets */ = {isa = PBXFileReference; lastKnownFileType = folder.assetcatalog; path = Assets.xcassets; sourceTree = "<group>"; };
		532B113B293F4F1C00A6BC7E /* Base */ = {isa = PBXFileReference; lastKnownFileType = file.storyboard; name = Base; path = Base.lproj/LaunchScreen.storyboard; sourceTree = "<group>"; };
		532B113D293F4F1C00A6BC7E /* Info.plist */ = {isa = PBXFileReference; lastKnownFileType = text.plist.xml; path = Info.plist; sourceTree = "<group>"; };
		532B1143293F504200A6BC7E /* View.swift */ = {isa = PBXFileReference; lastKnownFileType = sourcecode.swift; path = View.swift; sourceTree = "<group>"; };
/* End PBXFileReference section */

/* Begin PBXFrameworksBuildPhase section */
		532B1129293F4F1900A6BC7E /* Frameworks */ = {
			isa = PBXFrameworksBuildPhase;
			buildActionMask = 2147483647;
			files = (
			);
			runOnlyForDeploymentPostprocessing = 0;
		};
/* End PBXFrameworksBuildPhase section */

/* Begin PBXGroup section */
		532B1123293F4F1900A6BC7E = {
			isa = PBXGroup;
			children = (
				532B112E293F4F1900A6BC7E /* Mapkit Search */,
				532B112D293F4F1900A6BC7E /* Products */,
			);
			sourceTree = "<group>";
		};
		532B112D293F4F1900A6BC7E /* Products */ = {
			isa = PBXGroup;
			children = (
				532B112C293F4F1900A6BC7E /* Mapkit Search.app */,
			);
			name = Products;
			sourceTree = "<group>";
		};
		532B112E293F4F1900A6BC7E /* Mapkit Search */ = {
			isa = PBXGroup;
			children = (
				532B112F293F4F1900A6BC7E /* AppDelegate.swift */,
				532B1131293F4F1900A6BC7E /* SceneDelegate.swift */,
				532B1133293F4F1900A6BC7E /* ViewController.swift */,
				532B1143293F504200A6BC7E /* View.swift */,
				532B1135293F4F1900A6BC7E /* Main.storyboard */,
				532B1138293F4F1C00A6BC7E /* Assets.xcassets */,
				532B113A293F4F1C00A6BC7E /* LaunchScreen.storyboard */,
				532B113D293F4F1C00A6BC7E /* Info.plist */,
			);
			path = "Mapkit Search";
			sourceTree = "<group>";
		};
/* End PBXGroup section */

/* Begin PBXNativeTarget section */
		532B112B293F4F1900A6BC7E /* Mapkit Search */ = {
			isa = PBXNativeTarget;
			buildConfigurationList = 532B1140293F4F1C00A6BC7E /* Build configuration list for PBXNativeTarget "Mapkit Search" */;
			buildPhases = (
				532B1128293F4F1900A6BC7E /* Sources */,
				532B1129293F4F1900A6BC7E /* Frameworks */,
				532B112A293F4F1900A6BC7E /* Resources */,
			);
			buildRules = (
			);
			dependencies = (
			);
			name = "Mapkit Search";
			productName = "Mapkit Search";
			productReference = 532B112C293F4F1900A6BC7E /* Mapkit Search.app */;
			productType = "com.apple.product-type.application";
		};
/* End PBXNativeTarget section */

/* Begin PBXProject section */
		532B1124293F4F1900A6BC7E /* Project object */ = {
			isa = PBXProject;
			attributes = {
				BuildIndependentTargetsInParallel = 1;
				LastSwiftUpdateCheck = 1400;
				LastUpgradeCheck = 1400;
				TargetAttributes = {
					532B112B293F4F1900A6BC7E = {
						CreatedOnToolsVersion = 14.0;
					};
				};
			};
			buildConfigurationList = 532B1127293F4F1900A6BC7E /* Build configuration list for PBXProject "Mapkit Search" */;
			compatibilityVersion = "Xcode 14.0";
			developmentRegion = en;
			hasScannedForEncodings = 0;
			knownRegions = (
				en,
				Base,
			);
			mainGroup = 532B1123293F4F1900A6BC7E;
			productRefGroup = 532B112D293F4F1900A6BC7E /* Products */;
			projectDirPath = "";
			projectRoot = "";
			targets = (
				532B112B293F4F1900A6BC7E /* Mapkit Search */,
			);
		};
/* End PBXProject section */

/* Begin PBXResourcesBuildPhase section */
		532B112A293F4F1900A6BC7E /* Resources */ = {
			isa = PBXResourcesBuildPhase;
			buildActionMask = 2147483647;
			files = (
				532B113C293F4F1C00A6BC7E /* LaunchScreen.storyboard in Resources */,
				532B1139293F4F1C00A6BC7E /* Assets.xcassets in Resources */,
				532B1137293F4F1900A6BC7E /* Main.storyboard in Resources */,
			);
			runOnlyForDeploymentPostprocessing = 0;
		};
/* End PBXResourcesBuildPhase section */

/* Begin PBXSourcesBuildPhase section */
		532B1128293F4F1900A6BC7E /* Sources */ = {
			isa = PBXSourcesBuildPhase;
			buildActionMask = 2147483647;
			files = (
				532B1144293F504200A6BC7E /* View.swift in Sources */,
				532B1134293F4F1900A6BC7E /* ViewController.swift in Sources */,
				532B1130293F4F1900A6BC7E /* AppDelegate.swift in Sources */,
				532B1132293F4F1900A6BC7E /* SceneDelegate.swift in Sources */,
			);
			runOnlyForDeploymentPostprocessing = 0;
		};
/* End PBXSourcesBuildPhase section */

/* Begin PBXVariantGroup section */
		532B1135293F4F1900A6BC7E /* Main.storyboard */ = {
			isa = PBXVariantGroup;
			children = (
				532B1136293F4F1900A6BC7E /* Base */,
			);
			name = Main.storyboard;
			sourceTree = "<group>";
		};
		532B113A293F4F1C00A6BC7E /* LaunchScreen.storyboard */ = {
			isa = PBXVariantGroup;
			children = (
				532B113B293F4F1C00A6BC7E /* Base */,
			);
			name = LaunchScreen.storyboard;
			sourceTree = "<group>";
		};
/* End PBXVariantGroup section */

/* Begin XCBuildConfiguration section */
		532B113E293F4F1C00A6BC7E /* Debug */ = {
			isa = XCBuildConfiguration;
			buildSettings = {
				ALWAYS_SEARCH_USER_PATHS = NO;
				CLANG_ANALYZER_NONNULL = YES;
				CLANG_ANALYZER_NUMBER_OBJECT_CONVERSION = YES_AGGRESSIVE;
				CLANG_CXX_LANGUAGE_STANDARD = "gnu++20";
				CLANG_ENABLE_MODULES = YES;
				CLANG_ENABLE_OBJC_ARC = YES;
				CLANG_ENABLE_OBJC_WEAK = YES;
				CLANG_WARN_BLOCK_CAPTURE_AUTORELEASING = YES;
				CLANG_WARN_BOOL_CONVERSION = YES;
				CLANG_WARN_COMMA = YES;
				CLANG_WARN_CONSTANT_CONVERSION = YES;
				CLANG_WARN_DEPRECATED_OBJC_IMPLEMENTATIONS = YES;
				CLANG_WARN_DIRECT_OBJC_ISA_USAGE = YES_ERROR;
				CLANG_WARN_DOCUMENTATION_COMMENTS = YES;
				CLANG_WARN_EMPTY_BODY = YES;
				CLANG_WARN_ENUM_CONVERSION = YES;
				CLANG_WARN_INFINITE_RECURSION = YES;
				CLANG_WARN_INT_CONVERSION = YES;
				CLANG_WARN_NON_LITERAL_NULL_CONVERSION = YES;
				CLANG_WARN_OBJC_IMPLICIT_RETAIN_SELF = YES;
				CLANG_WARN_OBJC_LITERAL_CONVERSION = YES;
				CLANG_WARN_OBJC_ROOT_CLASS = YES_ERROR;
				CLANG_WARN_QUOTED_INCLUDE_IN_FRAMEWORK_HEADER = YES;
				CLANG_WARN_RANGE_LOOP_ANALYSIS = YES;
				CLANG_WARN_STRICT_PROTOTYPES = YES;
				CLANG_WARN_SUSPICIOUS_MOVE = YES;
				CLANG_WARN_UNGUARDED_AVAILABILITY = YES_AGGRESSIVE;
				CLANG_WARN_UNREACHABLE_CODE = YES;
				CLANG_WARN__DUPLICATE_METHOD_MATCH = YES;
				COPY_PHASE_STRIP = NO;
				DEBUG_INFORMATION_FORMAT = dwarf;
				ENABLE_STRICT_OBJC_MSGSEND = YES;
				ENABLE_TESTABILITY = YES;
				GCC_C_LANGUAGE_STANDARD = gnu11;
				GCC_DYNAMIC_NO_PIC = NO;
				GCC_NO_COMMON_BLOCKS = YES;
				GCC_OPTIMIZATION_LEVEL = 0;
				GCC_PREPROCESSOR_DEFINITIONS = (
					"DEBUG=1",
					"$(inherited)",
				);
				GCC_WARN_64_TO_32_BIT_CONVERSION = YES;
				GCC_WARN_ABOUT_RETURN_TYPE = YES_ERROR;
				GCC_WARN_UNDECLARED_SELECTOR = YES;
				GCC_WARN_UNINITIALIZED_AUTOS = YES_AGGRESSIVE;
				GCC_WARN_UNUSED_FUNCTION = YES;
				GCC_WARN_UNUSED_VARIABLE = YES;
				IPHONEOS_DEPLOYMENT_TARGET = 16.0;
				MTL_ENABLE_DEBUG_INFO = INCLUDE_SOURCE;
				MTL_FAST_MATH = YES;
				ONLY_ACTIVE_ARCH = YES;
				SDKROOT = iphoneos;
				SWIFT_ACTIVE_COMPILATION_CONDITIONS = DEBUG;
				SWIFT_OPTIMIZATION_LEVEL = "-Onone";
			};
			name = Debug;
		};
		532B113F293F4F1C00A6BC7E /* Release */ = {
			isa = XCBuildConfiguration;
			buildSettings = {
				ALWAYS_SEARCH_USER_PATHS = NO;
				CLANG_ANALYZER_NONNULL = YES;
				CLANG_ANALYZER_NUMBER_OBJECT_CONVERSION = YES_AGGRESSIVE;
				CLANG_CXX_LANGUAGE_STANDARD = "gnu++20";
				CLANG_ENABLE_MODULES = YES;
				CLANG_ENABLE_OBJC_ARC = YES;
				CLANG_ENABLE_OBJC_WEAK = YES;
				CLANG_WARN_BLOCK_CAPTURE_AUTORELEASING = YES;
				CLANG_WARN_BOOL_CONVERSION = YES;
				CLANG_WARN_COMMA = YES;
				CLANG_WARN_CONSTANT_CONVERSION = YES;
				CLANG_WARN_DEPRECATED_OBJC_IMPLEMENTATIONS = YES;
				CLANG_WARN_DIRECT_OBJC_ISA_USAGE = YES_ERROR;
				CLANG_WARN_DOCUMENTATION_COMMENTS = YES;
				CLANG_WARN_EMPTY_BODY = YES;
				CLANG_WARN_ENUM_CONVERSION = YES;
				CLANG_WARN_INFINITE_RECURSION = YES;
				CLANG_WARN_INT_CONVERSION = YES;
				CLANG_WARN_NON_LITERAL_NULL_CONVERSION = YES;
				CLANG_WARN_OBJC_IMPLICIT_RETAIN_SELF = YES;
				CLANG_WARN_OBJC_LITERAL_CONVERSION = YES;
				CLANG_WARN_OBJC_ROOT_CLASS = YES_ERROR;
				CLANG_WARN_QUOTED_INCLUDE_IN_FRAMEWORK_HEADER = YES;
				CLANG_WARN_RANGE_LOOP_ANALYSIS = YES;
				CLANG_WARN_STRICT_PROTOTYPES = YES;
				CLANG_WARN_SUSPICIOUS_MOVE = YES;
				CLANG_WARN_UNGUARDED_AVAILABILITY = YES_AGGRESSIVE;
				CLANG_WARN_UNREACHABLE_CODE = YES;
				CLANG_WARN__DUPLICATE_METHOD_MATCH = YES;
				COPY_PHASE_STRIP = NO;
				DEBUG_INFORMATION_FORMAT = "dwarf-with-dsym";
				ENABLE_NS_ASSERTIONS = NO;
				ENABLE_STRICT_OBJC_MSGSEND = YES;
				GCC_C_LANGUAGE_STANDARD = gnu11;
				GCC_NO_COMMON_BLOCKS = YES;
				GCC_WARN_64_TO_32_BIT_CONVERSION = YES;
				GCC_WARN_ABOUT_RETURN_TYPE = YES_ERROR;
				GCC_WARN_UNDECLARED_SELECTOR = YES;
				GCC_WARN_UNINITIALIZED_AUTOS = YES_AGGRESSIVE;
				GCC_WARN_UNUSED_FUNCTION = YES;
				GCC_WARN_UNUSED_VARIABLE = YES;
				IPHONEOS_DEPLOYMENT_TARGET = 16.0;
				MTL_ENABLE_DEBUG_INFO = NO;
				MTL_FAST_MATH = YES;
				SDKROOT = iphoneos;
				SWIFT_COMPILATION_MODE = wholemodule;
				SWIFT_OPTIMIZATION_LEVEL = "-O";
				VALIDATE_PRODUCT = YES;
			};
			name = Release;
		};
		532B1141293F4F1C00A6BC7E /* Debug */ = {
			isa = XCBuildConfiguration;
			buildSettings = {
				ASSETCATALOG_COMPILER_APPICON_NAME = AppIcon;
				ASSETCATALOG_COMPILER_GLOBAL_ACCENT_COLOR_NAME = AccentColor;
				CODE_SIGN_STYLE = Automatic;
				CURRENT_PROJECT_VERSION = 1;
				DEVELOPMENT_TEAM = 8395HM2DQS;
				GENERATE_INFOPLIST_FILE = YES;
				INFOPLIST_FILE = "Mapkit Search/Info.plist";
				INFOPLIST_KEY_UIApplicationSupportsIndirectInputEvents = YES;
				INFOPLIST_KEY_UILaunchStoryboardName = LaunchScreen;
				INFOPLIST_KEY_UISupportedInterfaceOrientations_iPad = "UIInterfaceOrientationPortrait UIInterfaceOrientationPortraitUpsideDown UIInterfaceOrientationLandscapeLeft UIInterfaceOrientationLandscapeRight";
				INFOPLIST_KEY_UISupportedInterfaceOrientations_iPhone = "UIInterfaceOrientationPortrait UIInterfaceOrientationLandscapeLeft UIInterfaceOrientationLandscapeRight";
				LD_RUNPATH_SEARCH_PATHS = (
					"$(inherited)",
					"@executable_path/Frameworks",
				);
				MARKETING_VERSION = 1.0;
				PRODUCT_BUNDLE_IDENTIFIER = "com.GabrielCastilloSerafim.Mapkit-Search";
				PRODUCT_NAME = "$(TARGET_NAME)";
				SUPPORTED_PLATFORMS = "iphoneos iphonesimulator";
				SUPPORTS_MACCATALYST = NO;
				SUPPORTS_MAC_DESIGNED_FOR_IPHONE_IPAD = NO;
				SWIFT_EMIT_LOC_STRINGS = YES;
				SWIFT_VERSION = 5.0;
				TARGETED_DEVICE_FAMILY = 1;
			};
			name = Debug;
		};
		532B1142293F4F1C00A6BC7E /* Release */ = {
			isa = XCBuildConfiguration;
			buildSettings = {
				ASSETCATALOG_COMPILER_APPICON_NAME = AppIcon;
				ASSETCATALOG_COMPILER_GLOBAL_ACCENT_COLOR_NAME = AccentColor;
				CODE_SIGN_STYLE = Automatic;
				CURRENT_PROJECT_VERSION = 1;
				DEVELOPMENT_TEAM = 8395HM2DQS;
				GENERATE_INFOPLIST_FILE = YES;
				INFOPLIST_FILE = "Mapkit Search/Info.plist";
				INFOPLIST_KEY_UIApplicationSupportsIndirectInputEvents = YES;
				INFOPLIST_KEY_UILaunchStoryboardName = LaunchScreen;
				INFOPLIST_KEY_UISupportedInterfaceOrientations_iPad = "UIInterfaceOrientationPortrait UIInterfaceOrientationPortraitUpsideDown UIInterfaceOrientationLandscapeLeft UIInterfaceOrientationLandscapeRight";
				INFOPLIST_KEY_UISupportedInterfaceOrientations_iPhone = "UIInterfaceOrientationPortrait UIInterfaceOrientationLandscapeLeft UIInterfaceOrientationLandscapeRight";
				LD_RUNPATH_SEARCH_PATHS = (
					"$(inherited)",
					"@executable_path/Frameworks",
				);
				MARKETING_VERSION = 1.0;
				PRODUCT_BUNDLE_IDENTIFIER = "com.GabrielCastilloSerafim.Mapkit-Search";
				PRODUCT_NAME = "$(TARGET_NAME)";
				SUPPORTED_PLATFORMS = "iphoneos iphonesimulator";
				SUPPORTS_MACCATALYST = NO;
				SUPPORTS_MAC_DESIGNED_FOR_IPHONE_IPAD = NO;
				SWIFT_EMIT_LOC_STRINGS = YES;
				SWIFT_VERSION = 5.0;
				TARGETED_DEVICE_FAMILY = 1;
			};
			name = Release;
		};
/* End XCBuildConfiguration section */

/* Begin XCConfigurationList section */
		532B1127293F4F1900A6BC7E /* Build configuration list for PBXProject "Mapkit Search" */ = {
			isa = XCConfigurationList;
			buildConfigurations = (
				532B113E293F4F1C00A6BC7E /* Debug */,
				532B113F293F4F1C00A6BC7E /* Release */,
			);
			defaultConfigurationIsVisible = 0;
			defaultConfigurationName = Release;
		};
		532B1140293F4F1C00A6BC7E /* Build configuration list for PBXNativeTarget "Mapkit Search" */ = {
			isa = XCConfigurationList;
			buildConfigurations = (
				532B1141293F4F1C00A6BC7E /* Debug */,
				532B1142293F4F1C00A6BC7E /* Release */,
			);
			defaultConfigurationIsVisible = 0;
			defaultConfigurationName = Release;
		};
/* End XCConfigurationList section */
	};
	rootObject = 532B1124293F4F1900A6BC7E /* Project object */;
}
